
Microsoft Visual Studio Solution File, Format Version 12.00
# Visual Studio Version 17
VisualStudioVersion = 17.0.31903.59
MinimumVisualStudioVersion = 10.0.40219.1
Project("{9A19103F-16F7-4668-BE54-9A1E7A4F7556}") = "OptiHack", "OptiHack\OptiHack.csproj", "{24CFAFB9-95DF-4EA9-8053-E781B5DEE2E3}"
EndProject
Global
	GlobalSection(SolutionConfigurationPlatforms) = preSolution
		Debug|Any CPU = Debug|Any CPU
		DebugOpt|Any CPU = DebugOpt|Any CPU
		Release|Any CPU = Release|Any CPU
		Tools|Any CPU = Tools|Any CPU
	EndGlobalSection
	GlobalSection(ProjectConfigurationPlatforms) = postSolution
		{24CFAFB9-95DF-4EA9-8053-E781B5DEE2E3}.Debug|Any CPU.ActiveCfg = Debug|Any CPU
		{24CFAFB9-95DF-4EA9-8053-E781B5DEE2E3}.Debug|Any CPU.Build.0 = Debug|Any CPU
		{24CFAFB9-95DF-4EA9-8053-E781B5DEE2E3}.DebugOpt|Any CPU.ActiveCfg = Debug|Any CPU
		{24CFAFB9-95DF-4EA9-8053-E781B5DEE2E3}.DebugOpt|Any CPU.Build.0 = Debug|Any CPU
		{24CFAFB9-95DF-4EA9-8053-E781B5DEE2E3}.Release|Any CPU.ActiveCfg = Release|Any CPU
		{24CFAFB9-95DF-4EA9-8053-E781B5DEE2E3}.Release|Any CPU.Build.0 = Release|Any CPU
		{24CFAFB9-95DF-4EA9-8053-E781B5DEE2E3}.Tools|Any CPU.ActiveCfg = Release|Any CPU
		{24CFAFB9-95DF-4EA9-8053-E781B5DEE2E3}.Tools|Any CPU.Build.0 = Release|Any CPU
	EndGlobalSection
	GlobalSection(SolutionProperties) = preSolution
		HideSolutionNode = FALSE
	EndGlobalSection
	GlobalSection(RiderSharedRunConfigurations) = postSolution
		File = OptiHack\space-station-14\.run\Content Server+Client.run.xml
	EndGlobalSection
EndGlobal
